
Microsoft Visual Studio Solution File, Format Version 12.00
# Visual Studio Version 17
VisualStudioVersion = 17.4.33403.182
MinimumVisualStudioVersion = 10.0.40219.1
Project("{FAE04EC0-301F-11D3-BF4B-00C04F79EFBC}") = "HotelRivera", "HotelRivera\HotelRivera.csproj", "{ED51BF84-97ED-4737-9F05-1C75EFD71EC6}"
EndProject
Global
	GlobalSection(SolutionConfigurationPlatforms) = preSolution
		Debug|Any CPU = Debug|Any CPU
		Release|Any CPU = Release|Any CPU
	EndGlobalSection
	GlobalSection(ProjectConfigurationPlatforms) = postSolution
		{ED51BF84-97ED-4737-9F05-1C75EFD71EC6}.Debug|Any CPU.ActiveCfg = Debug|Any CPU
		{ED51BF84-97ED-4737-9F05-1C75EFD71EC6}.Debug|Any CPU.Build.0 = Debug|Any CPU
		{ED51BF84-97ED-4737-9F05-1C75EFD71EC6}.Release|Any CPU.ActiveCfg = Release|Any CPU
		{ED51BF84-97ED-4737-9F05-1C75EFD71EC6}.Release|Any CPU.Build.0 = Release|Any CPU
	EndGlobalSection
	GlobalSection(SolutionProperties) = preSolution
		HideSolutionNode = FALSE
	EndGlobalSection
	GlobalSection(ExtensibilityGlobals) = postSolution
		SolutionGuid = {9272D5DB-B418-4FE7-B54E-E9CA9E218218}
	EndGlobalSection
EndGlobal
